
Microsoft Visual Studio Solution File, Format Version 12.00
# Visual Studio Version 17
VisualStudioVersion = 17.6.33815.320
MinimumVisualStudioVersion = 10.0.40219.1
Project("{8BC9CEB8-8B4A-11D0-8D11-00A0C91BC942}") = "GAM200_TeamExodia", "GAM200_TeamExodia\GAM200_TeamExodia.vcxproj", "{50D2AFD9-99EC-4E71-BCB3-4F5C68C04142}"
EndProject
Project("{8BC9CEB8-8B4A-11D0-8D11-00A0C91BC942}") = "tutorial-0", "tutorial-0\tutorial-0.vcxproj", "{DB8911AB-8D3E-4F09-8A73-FC339DEE4EC5}"
EndProject
Project("{8BC9CEB8-8B4A-11D0-8D11-00A0C91BC942}") = "common_gl", "common_gl\common_gl.vcxproj", "{6B72307E-155F-4058-97FC-118B27535A6D}"
EndProject
Project("{8BC9CEB8-8B4A-11D0-8D11-00A0C91BC942}") = "GAM200_TeamExodia_openGL", "GAM200_TeamExodia_openGL\GAM200_TeamExodia_openGL.vcxproj", "{48E3CED7-EF8B-4D68-AAFE-BB7BC3EFB77F}"
EndProject
Global
	GlobalSection(SolutionConfigurationPlatforms) = preSolution
		Debug|x64 = Debug|x64
		Release|x64 = Release|x64
	EndGlobalSection
	GlobalSection(ProjectConfigurationPlatforms) = postSolution
		{50D2AFD9-99EC-4E71-BCB3-4F5C68C04142}.Debug|x64.ActiveCfg = Debug|x64
		{50D2AFD9-99EC-4E71-BCB3-4F5C68C04142}.Debug|x64.Build.0 = Debug|x64
		{50D2AFD9-99EC-4E71-BCB3-4F5C68C04142}.Release|x64.ActiveCfg = Release|x64
		{50D2AFD9-99EC-4E71-BCB3-4F5C68C04142}.Release|x64.Build.0 = Release|x64
		{DB8911AB-8D3E-4F09-8A73-FC339DEE4EC5}.Debug|x64.ActiveCfg = Debug|x64
		{DB8911AB-8D3E-4F09-8A73-FC339DEE4EC5}.Debug|x64.Build.0 = Debug|x64
		{DB8911AB-8D3E-4F09-8A73-FC339DEE4EC5}.Release|x64.ActiveCfg = Release|x64
		{DB8911AB-8D3E-4F09-8A73-FC339DEE4EC5}.Release|x64.Build.0 = Release|x64
		{6B72307E-155F-4058-97FC-118B27535A6D}.Debug|x64.ActiveCfg = Debug|x64
		{6B72307E-155F-4058-97FC-118B27535A6D}.Debug|x64.Build.0 = Debug|x64
		{6B72307E-155F-4058-97FC-118B27535A6D}.Release|x64.ActiveCfg = Release|x64
		{6B72307E-155F-4058-97FC-118B27535A6D}.Release|x64.Build.0 = Release|x64
		{48E3CED7-EF8B-4D68-AAFE-BB7BC3EFB77F}.Debug|x64.ActiveCfg = Debug|x64
		{48E3CED7-EF8B-4D68-AAFE-BB7BC3EFB77F}.Debug|x64.Build.0 = Debug|x64
		{48E3CED7-EF8B-4D68-AAFE-BB7BC3EFB77F}.Release|x64.ActiveCfg = Release|x64
		{48E3CED7-EF8B-4D68-AAFE-BB7BC3EFB77F}.Release|x64.Build.0 = Release|x64
	EndGlobalSection
	GlobalSection(SolutionProperties) = preSolution
		HideSolutionNode = FALSE
	EndGlobalSection
	GlobalSection(ExtensibilityGlobals) = postSolution
		SolutionGuid = {A7F4B50B-5529-4CA1-9AB2-40B42EEAE776}
	EndGlobalSection
EndGlobal
