<?xml version="1.0" encoding="utf-8"?>
<Project ToolsVersion="4.0" xmlns="http://schemas.microsoft.com/developer/msbuild/2003">
  <ItemGroup>
    <Filter Include="Game">
      <UniqueIdentifier>{96fc2cf1-3943-41ce-8b49-eb7da821e34a}</UniqueIdentifier>
    </Filter>
    <Filter Include="Engine">
      <UniqueIdentifier>{fd433bef-5a1c-436a-905b-a65c3bb33ae8}</UniqueIdentifier>
    </Filter>
    <Filter Include="Game\Exodia">
      <UniqueIdentifier>{2de2295b-ef12-4c6d-ac17-8a189c0b5439}</UniqueIdentifier>
    </Filter>
    <Filter Include="Game\Exodia\Components">
      <UniqueIdentifier>{cd668bd4-2c1b-4e55-a0a6-db762fd2ae53}</UniqueIdentifier>
    </Filter>
    <Filter Include="Game\Exodia\Modes">
      <UniqueIdentifier>{0b692e9c-1a01-4017-922a-1342d671d7f7}</UniqueIdentifier>
    </Filter>
    <Filter Include="Game\Exodia\Objests">
      <UniqueIdentifier>{f07a0d33-de28-438c-b9d6-08c2b3e57c66}</UniqueIdentifier>
    </Filter>
    <Filter Include="Game\CS230">
      <UniqueIdentifier>{5e360f76-4c7d-4b11-9a5f-fbe773d552b9}</UniqueIdentifier>
    </Filter>
    <Filter Include="Engine\Core Engine Components">
      <UniqueIdentifier>{8a3ccde8-b097-4046-a36a-207dbf54b44e}</UniqueIdentifier>
    </Filter>
    <Filter Include="Engine\Graphics and Rendering">
      <UniqueIdentifier>{a48d78bf-63d1-473a-9c74-8229567683f3}</UniqueIdentifier>
    </Filter>
    <Filter Include="Engine\Game State Management">
      <UniqueIdentifier>{716fcab7-59fe-4971-99d7-9041268688ca}</UniqueIdentifier>
    </Filter>
    <Filter Include="Engine\Game Object Managerment">
      <UniqueIdentifier>{fb7fad3a-5e72-497b-9ced-7880675df2cb}</UniqueIdentifier>
    </Filter>
    <Filter Include="Engine\Input Handling">
      <UniqueIdentifier>{136ddc06-6340-4ccc-9363-5884b5a0603b}</UniqueIdentifier>
    </Filter>
    <Filter Include="Engine\Math">
      <UniqueIdentifier>{bb4a8a59-864a-462c-b556-0c73f3932234}</UniqueIdentifier>
    </Filter>
    <Filter Include="Engine\Game Components">
      <UniqueIdentifier>{fa86117b-c53f-4f39-9fdc-dce1b1d45c24}</UniqueIdentifier>
    </Filter>
    <Filter Include="Game\CS230\Components">
      <UniqueIdentifier>{6a13ba71-e72b-4f96-8d28-b75317fa6421}</UniqueIdentifier>
    </Filter>
    <Filter Include="Game\CS230\Objects">
      <UniqueIdentifier>{3a6301aa-0822-47e1-9398-285521b3b337}</UniqueIdentifier>
    </Filter>
    <Filter Include="Game\CS230\Objects\Mode1">
      <UniqueIdentifier>{58618de9-0595-41ce-aeb5-26dd98f0eb72}</UniqueIdentifier>
    </Filter>
    <Filter Include="Game\CS230\Objects\Mode2">
      <UniqueIdentifier>{9027f4ab-e177-4604-81cb-dbd1f4c39087}</UniqueIdentifier>
    </Filter>
    <Filter Include="Game\CS230\Modes">
      <UniqueIdentifier>{0c5e4627-fef2-417a-8c37-8cbf7e782ad6}</UniqueIdentifier>
    </Filter>
  </ItemGroup>
  <ItemGroup>
    <ClCompile Include="main.cpp" />
    <ClCompile Include="Game\Bullet.cpp">
      <Filter>Game\Exodia\Components</Filter>
    </ClCompile>
    <ClCompile Include="Game\AStar.cpp">
      <Filter>Game\Exodia\Components</Filter>
    </ClCompile>
    <ClCompile Include="Game\Gold.cpp">
      <Filter>Game\Exodia\Components</Filter>
    </ClCompile>
    <ClCompile Include="Game\Life.cpp">
      <Filter>Game\Exodia\Components</Filter>
    </ClCompile>
    <ClCompile Include="Game\Score.cpp">
      <Filter>Game\Exodia\Components</Filter>
    </ClCompile>
    <ClCompile Include="Game\PrototypeSplash.cpp">
      <Filter>Game\Exodia\Modes</Filter>
    </ClCompile>
    <ClCompile Include="Game\PrototypeMode1.cpp">
      <Filter>Game\Exodia\Modes</Filter>
    </ClCompile>
    <ClCompile Include="Game\Tile.cpp">
      <Filter>Game\Exodia\Components</Filter>
    </ClCompile>
    <ClCompile Include="Game\Monster.cpp">
      <Filter>Game\Exodia\Objests</Filter>
    </ClCompile>
    <ClCompile Include="Game\Player.cpp">
      <Filter>Game\Exodia\Objests</Filter>
    </ClCompile>
    <ClCompile Include="Game\Tower.cpp">
      <Filter>Game\Exodia\Objests</Filter>
    </ClCompile>
    <ClCompile Include="Engine\Engine.cpp">
      <Filter>Engine\Core Engine Components</Filter>
    </ClCompile>
    <ClCompile Include="Engine\DrawShape.cpp">
      <Filter>Engine\Graphics and Rendering</Filter>
    </ClCompile>
    <ClCompile Include="Engine\Font.cpp">
      <Filter>Engine\Graphics and Rendering</Filter>
    </ClCompile>
    <ClCompile Include="Engine\ImGuiHelper.cpp">
      <Filter>Engine\Core Engine Components</Filter>
    </ClCompile>
    <ClCompile Include="Engine\Texture.cpp">
      <Filter>Engine\Graphics and Rendering</Filter>
    </ClCompile>
    <ClCompile Include="Engine\GameStateManager.cpp">
      <Filter>Engine\Game State Management</Filter>
    </ClCompile>
    <ClCompile Include="Engine\GameObjectManager.cpp">
      <Filter>Engine\Game Object Managerment</Filter>
    </ClCompile>
    <ClCompile Include="Engine\GameObject.cpp">
      <Filter>Engine\Game Object Managerment</Filter>
    </ClCompile>
    <ClCompile Include="Engine\Animation.cpp">
      <Filter>Engine\Graphics and Rendering</Filter>
    </ClCompile>
    <ClCompile Include="Engine\Input.cpp">
      <Filter>Engine\Input Handling</Filter>
    </ClCompile>
    <ClCompile Include="Engine\Mouse.cpp">
      <Filter>Engine\Input Handling</Filter>
    </ClCompile>
    <ClCompile Include="Engine\Particle.cpp">
      <Filter>Engine\Graphics and Rendering</Filter>
    </ClCompile>
    <ClCompile Include="Engine\Logger.cpp">
      <Filter>Engine\Core Engine Components</Filter>
    </ClCompile>
    <ClCompile Include="Engine\Matrix.cpp">
      <Filter>Engine\Math</Filter>
    </ClCompile>
    <ClCompile Include="Engine\Vec2.cpp">
      <Filter>Engine\Math</Filter>
    </ClCompile>
    <ClCompile Include="Engine\TextureManager.cpp">
      <Filter>Engine\Graphics and Rendering</Filter>
    </ClCompile>
    <ClCompile Include="Engine\Camera.cpp">
      <Filter>Engine\Game Components</Filter>
    </ClCompile>
    <ClCompile Include="Engine\Collision.cpp">
      <Filter>Engine\Game Components</Filter>
    </ClCompile>
    <ClCompile Include="Engine\Normalization.cpp">
      <Filter>Engine\Math</Filter>
    </ClCompile>
    <ClCompile Include="Engine\ShowCollision.cpp">
      <Filter>Engine\Graphics and Rendering</Filter>
    </ClCompile>
    <ClCompile Include="Engine\Sprite.cpp">
      <Filter>Engine\Graphics and Rendering</Filter>
    </ClCompile>
    <ClCompile Include="Engine\Window.cpp">
      <Filter>Engine\Core Engine Components</Filter>
    </ClCompile>
    <ClCompile Include="Engine\stb_image_impl.cpp">
      <Filter>Engine\Graphics and Rendering</Filter>
    </ClCompile>
    <ClCompile Include="Game\Floor.cpp">
      <Filter>Game\CS230\Components</Filter>
    </ClCompile>
    <ClCompile Include="Game\Portal.cpp">
      <Filter>Game\CS230\Components</Filter>
    </ClCompile>
    <ClCompile Include="Game\ScreenWrap.cpp">
      <Filter>Game\CS230\Components</Filter>
    </ClCompile>
    <ClCompile Include="Game\Timer.cpp">
      <Filter>Game\CS230\Components</Filter>
    </ClCompile>
    <ClCompile Include="Game\Crates.cpp">
      <Filter>Game\CS230\Objects\Mode1</Filter>
    </ClCompile>
    <ClCompile Include="Game\Cat.cpp">
      <Filter>Game\CS230\Objects\Mode1</Filter>
    </ClCompile>
    <ClCompile Include="Game\Laser.cpp">
      <Filter>Game\CS230\Objects\Mode2</Filter>
    </ClCompile>
    <ClCompile Include="Game\Background.cpp">
      <Filter>Game\CS230\Components</Filter>
    </ClCompile>
    <ClCompile Include="Game\Robots.cpp">
      <Filter>Game\CS230\Objects\Mode1</Filter>
    </ClCompile>
    <ClCompile Include="Game\Ship.cpp">
      <Filter>Game\CS230\Objects\Mode2</Filter>
    </ClCompile>
    <ClCompile Include="Game\Asteroid.cpp">
      <Filter>Game\CS230\Objects\Mode1</Filter>
    </ClCompile>
    <ClCompile Include="Game\Meteor.cpp">
      <Filter>Game\CS230\Objects\Mode2</Filter>
    </ClCompile>
    <ClCompile Include="Game\Main_menu.cpp">
      <Filter>Game\CS230\Modes</Filter>
    </ClCompile>
    <ClCompile Include="Game\Mode1.cpp">
      <Filter>Game\CS230\Modes</Filter>
    </ClCompile>
    <ClCompile Include="Game\Mode2.cpp">
      <Filter>Game\CS230\Modes</Filter>
    </ClCompile>
    <ClCompile Include="Game\Splash.cpp">
      <Filter>Game\CS230\Modes</Filter>
    </ClCompile>
    <ClCompile Include="Engine\Audio.cpp">
      <Filter>Engine\Core Engine Components</Filter>
    </ClCompile>
    <ClCompile Include="Game\GameSpeed.cpp">
      <Filter>Game\Exodia\Components</Filter>
    </ClCompile>
    <ClCompile Include="Game\Map.cpp">
      <Filter>Game\Exodia\Components</Filter>
    </ClCompile>
  </ItemGroup>
  <ItemGroup>
    <ClInclude Include="Game\GameObjectTypes.h">
      <Filter>Game\Exodia</Filter>
    </ClInclude>
    <ClInclude Include="Game\Bullet.h">
      <Filter>Game\Exodia\Components</Filter>
    </ClInclude>
    <ClInclude Include="Game\AStar.h">
      <Filter>Game\Exodia\Components</Filter>
    </ClInclude>
    <ClInclude Include="Game\Gold.h">
      <Filter>Game\Exodia\Components</Filter>
    </ClInclude>
    <ClInclude Include="Game\Life.h">
      <Filter>Game\Exodia\Components</Filter>
    </ClInclude>
    <ClInclude Include="Game\Score.h">
      <Filter>Game\Exodia\Components</Filter>
    </ClInclude>
    <ClInclude Include="Game\PrototypeSplash.h">
      <Filter>Game\Exodia\Modes</Filter>
    </ClInclude>
    <ClInclude Include="Game\PrototypeMode1.h">
      <Filter>Game\Exodia\Modes</Filter>
    </ClInclude>
    <ClInclude Include="Game\Tile.h">
      <Filter>Game\Exodia\Components</Filter>
    </ClInclude>
    <ClInclude Include="Game\Monster.h">
      <Filter>Game\Exodia\Objests</Filter>
    </ClInclude>
    <ClInclude Include="Game\Player.h">
      <Filter>Game\Exodia\Objests</Filter>
    </ClInclude>
    <ClInclude Include="Game\Tower.h">
      <Filter>Game\Exodia\Objests</Filter>
    </ClInclude>
    <ClInclude Include="Engine\Engine.h">
      <Filter>Engine\Core Engine Components</Filter>
    </ClInclude>
    <ClInclude Include="Engine\DrawShape.h">
      <Filter>Engine\Graphics and Rendering</Filter>
    </ClInclude>
    <ClInclude Include="Engine\Font.h">
      <Filter>Engine\Graphics and Rendering</Filter>
    </ClInclude>
    <ClInclude Include="Engine\ImGuiHelper.h">
      <Filter>Engine\Core Engine Components</Filter>
    </ClInclude>
    <ClInclude Include="Engine\Texture.h">
      <Filter>Engine\Graphics and Rendering</Filter>
    </ClInclude>
    <ClInclude Include="Engine\GameState.h">
      <Filter>Engine\Game State Management</Filter>
    </ClInclude>
    <ClInclude Include="Engine\GameStateManager.h">
      <Filter>Engine\Game State Management</Filter>
    </ClInclude>
    <ClInclude Include="Engine\GameObjectManager.h">
      <Filter>Engine\Game Object Managerment</Filter>
    </ClInclude>
    <ClInclude Include="Engine\GameObject.h">
      <Filter>Engine\Game Object Managerment</Filter>
    </ClInclude>
    <ClInclude Include="Engine\Animation.h">
      <Filter>Engine\Graphics and Rendering</Filter>
    </ClInclude>
    <ClInclude Include="Engine\Input.h">
      <Filter>Engine\Input Handling</Filter>
    </ClInclude>
    <ClInclude Include="Engine\Mouse.h">
      <Filter>Engine\Input Handling</Filter>
    </ClInclude>
    <ClInclude Include="Engine\Particle.h">
      <Filter>Engine\Graphics and Rendering</Filter>
    </ClInclude>
    <ClInclude Include="Engine\Logger.h">
      <Filter>Engine\Core Engine Components</Filter>
    </ClInclude>
    <ClInclude Include="Engine\Matrix.h">
      <Filter>Engine\Math</Filter>
    </ClInclude>
    <ClInclude Include="Engine\Rect.h">
      <Filter>Engine\Math</Filter>
    </ClInclude>
    <ClInclude Include="Engine\Vec2.h">
      <Filter>Engine\Math</Filter>
    </ClInclude>
    <ClInclude Include="Engine\TextureManager.h">
      <Filter>Engine\Graphics and Rendering</Filter>
    </ClInclude>
    <ClInclude Include="Engine\Camera.h">
      <Filter>Engine\Game Components</Filter>
    </ClInclude>
    <ClInclude Include="Engine\Collision.h">
      <Filter>Engine\Game Components</Filter>
    </ClInclude>
    <ClInclude Include="Engine\Component.h">
      <Filter>Engine\Game Components</Filter>
    </ClInclude>
    <ClInclude Include="Engine\ComponentManager.h">
      <Filter>Engine\Game Components</Filter>
    </ClInclude>
    <ClInclude Include="Engine\Normalization.h">
      <Filter>Engine\Math</Filter>
    </ClInclude>
    <ClInclude Include="Engine\Constants.h">
      <Filter>Engine\Math</Filter>
    </ClInclude>
    <ClInclude Include="Engine\owner.h">
      <Filter>Engine\Core Engine Components</Filter>
    </ClInclude>
    <ClInclude Include="Engine\ShowCollision.h">
      <Filter>Engine\Graphics and Rendering</Filter>
    </ClInclude>
    <ClInclude Include="Engine\OriginPosition.h">
      <Filter>Engine\Math</Filter>
    </ClInclude>
    <ClInclude Include="Engine\Sprite.h">
      <Filter>Engine\Graphics and Rendering</Filter>
    </ClInclude>
    <ClInclude Include="Engine\Window.h">
      <Filter>Engine\Core Engine Components</Filter>
    </ClInclude>
    <ClInclude Include="Game\Floor.h">
      <Filter>Game\CS230\Components</Filter>
    </ClInclude>
    <ClInclude Include="Game\Gravity.h">
      <Filter>Game\CS230\Components</Filter>
    </ClInclude>
    <ClInclude Include="Game\Portal.h">
      <Filter>Game\CS230\Components</Filter>
    </ClInclude>
    <ClInclude Include="Game\ScreenWrap.h">
      <Filter>Game\CS230\Components</Filter>
    </ClInclude>
    <ClInclude Include="Game\Timer.h">
      <Filter>Game\CS230\Components</Filter>
    </ClInclude>
    <ClInclude Include="Game\Crates.h">
      <Filter>Game\CS230\Objects\Mode1</Filter>
    </ClInclude>
    <ClInclude Include="Game\Cat.h">
      <Filter>Game\CS230\Objects\Mode1</Filter>
    </ClInclude>
    <ClInclude Include="Game\Laser.h">
      <Filter>Game\CS230\Objects\Mode2</Filter>
    </ClInclude>
    <ClInclude Include="Game\Background.h">
      <Filter>Game\CS230\Components</Filter>
    </ClInclude>
    <ClInclude Include="Game\Robots.h">
      <Filter>Game\CS230\Objects\Mode1</Filter>
    </ClInclude>
    <ClInclude Include="Game\Ship.h">
      <Filter>Game\CS230\Objects\Mode2</Filter>
    </ClInclude>
    <ClInclude Include="Game\Asteroid.h">
      <Filter>Game\CS230\Objects\Mode1</Filter>
    </ClInclude>
    <ClInclude Include="Game\Meteor.h">
      <Filter>Game\CS230\Objects\Mode2</Filter>
    </ClInclude>
    <ClInclude Include="Game\Main_menu.h">
      <Filter>Game\CS230\Modes</Filter>
    </ClInclude>
    <ClInclude Include="Game\Mode1.h">
      <Filter>Game\CS230\Modes</Filter>
    </ClInclude>
    <ClInclude Include="Game\Mode2.h">
      <Filter>Game\CS230\Modes</Filter>
    </ClInclude>
    <ClInclude Include="Game\Splash.h">
      <Filter>Game\CS230\Modes</Filter>
    </ClInclude>
    <ClInclude Include="Game\Fonts.h">
      <Filter>Game\CS230\Components</Filter>
    </ClInclude>
    <ClInclude Include="Game\States.h">
      <Filter>Game</Filter>
    </ClInclude>
    <ClInclude Include="Engine\Audio.h">
      <Filter>Engine\Core Engine Components</Filter>
    </ClInclude>
    <ClInclude Include="Game\GameSpeed.h">
      <Filter>Game\Exodia\Components</Filter>
    </ClInclude>
    <ClInclude Include="Game\Map.h">
      <Filter>Game\Exodia\Components</Filter>
    </ClInclude>
  </ItemGroup>
</Project>