<?xml version="1.0" encoding="utf-8"?>
<Project ToolsVersion="4.0" xmlns="http://schemas.microsoft.com/developer/msbuild/2003">
  <ItemGroup>
    <Filter Include="Game">
      <UniqueIdentifier>{96fc2cf1-3943-41ce-8b49-eb7da821e34a}</UniqueIdentifier>
    </Filter>
    <Filter Include="Engine">
      <UniqueIdentifier>{fd433bef-5a1c-436a-905b-a65c3bb33ae8}</UniqueIdentifier>
    </Filter>
    <Filter Include="Engine\Core Engine Components">
      <UniqueIdentifier>{8a3ccde8-b097-4046-a36a-207dbf54b44e}</UniqueIdentifier>
    </Filter>
    <Filter Include="Engine\Graphics and Rendering">
      <UniqueIdentifier>{a48d78bf-63d1-473a-9c74-8229567683f3}</UniqueIdentifier>
    </Filter>
    <Filter Include="Engine\Game State Management">
      <UniqueIdentifier>{716fcab7-59fe-4971-99d7-9041268688ca}</UniqueIdentifier>
    </Filter>
    <Filter Include="Engine\Game Object Managerment">
      <UniqueIdentifier>{fb7fad3a-5e72-497b-9ced-7880675df2cb}</UniqueIdentifier>
    </Filter>
    <Filter Include="Engine\Input Handling">
      <UniqueIdentifier>{136ddc06-6340-4ccc-9363-5884b5a0603b}</UniqueIdentifier>
    </Filter>
    <Filter Include="Engine\Game Components">
      <UniqueIdentifier>{fa86117b-c53f-4f39-9fdc-dce1b1d45c24}</UniqueIdentifier>
    </Filter>
    <Filter Include="Game\Components">
      <UniqueIdentifier>{cd668bd4-2c1b-4e55-a0a6-db762fd2ae53}</UniqueIdentifier>
    </Filter>
    <Filter Include="Game\Components\CS230">
      <UniqueIdentifier>{835fe916-dc21-4f63-acc6-078bafc68af8}</UniqueIdentifier>
    </Filter>
    <Filter Include="Game\Modes">
      <UniqueIdentifier>{0b692e9c-1a01-4017-922a-1342d671d7f7}</UniqueIdentifier>
    </Filter>
    <Filter Include="Game\Objects">
      <UniqueIdentifier>{f07a0d33-de28-438c-b9d6-08c2b3e57c66}</UniqueIdentifier>
    </Filter>
    <Filter Include="Engine\Math">
      <UniqueIdentifier>{bb4a8a59-864a-462c-b556-0c73f3932234}</UniqueIdentifier>
    </Filter>
  </ItemGroup>
  <ItemGroup>
    <ClCompile Include="Engine\Engine.cpp">
      <Filter>Engine\Core Engine Components</Filter>
    </ClCompile>
    <ClCompile Include="Engine\DrawShape.cpp">
      <Filter>Engine\Graphics and Rendering</Filter>
    </ClCompile>
    <ClCompile Include="Engine\Font.cpp">
      <Filter>Engine\Graphics and Rendering</Filter>
    </ClCompile>
    <ClCompile Include="Engine\ImGuiHelper.cpp">
      <Filter>Engine\Core Engine Components</Filter>
    </ClCompile>
    <ClCompile Include="Engine\Texture.cpp">
      <Filter>Engine\Graphics and Rendering</Filter>
    </ClCompile>
    <ClCompile Include="Engine\GameStateManager.cpp">
      <Filter>Engine\Game State Management</Filter>
    </ClCompile>
    <ClCompile Include="Engine\GameObjectManager.cpp">
      <Filter>Engine\Game Object Managerment</Filter>
    </ClCompile>
    <ClCompile Include="Engine\GameObject.cpp">
      <Filter>Engine\Game Object Managerment</Filter>
    </ClCompile>
    <ClCompile Include="Engine\Animation.cpp">
      <Filter>Engine\Graphics and Rendering</Filter>
    </ClCompile>
    <ClCompile Include="Engine\Input.cpp">
      <Filter>Engine\Input Handling</Filter>
    </ClCompile>
    <ClCompile Include="Engine\Mouse.cpp">
      <Filter>Engine\Input Handling</Filter>
    </ClCompile>
    <ClCompile Include="Engine\Particle.cpp">
      <Filter>Engine\Graphics and Rendering</Filter>
    </ClCompile>
    <ClCompile Include="Engine\Logger.cpp">
      <Filter>Engine\Core Engine Components</Filter>
    </ClCompile>
    <ClCompile Include="Engine\Matrix.cpp">
      <Filter>Engine\Math</Filter>
    </ClCompile>
    <ClCompile Include="Engine\Vec2.cpp">
      <Filter>Engine\Math</Filter>
    </ClCompile>
    <ClCompile Include="Engine\TextureManager.cpp">
      <Filter>Engine\Graphics and Rendering</Filter>
    </ClCompile>
    <ClCompile Include="Engine\Camera.cpp">
      <Filter>Engine\Game Components</Filter>
    </ClCompile>
    <ClCompile Include="Engine\Collision.cpp">
      <Filter>Engine\Game Components</Filter>
    </ClCompile>
    <ClCompile Include="Engine\Normalization.cpp">
      <Filter>Engine\Math</Filter>
    </ClCompile>
    <ClCompile Include="Engine\ShowCollision.cpp">
      <Filter>Engine\Graphics and Rendering</Filter>
    </ClCompile>
    <ClCompile Include="Engine\Sprite.cpp">
      <Filter>Engine\Graphics and Rendering</Filter>
    </ClCompile>
    <ClCompile Include="Engine\Window.cpp">
      <Filter>Engine\Core Engine Components</Filter>
    </ClCompile>
    <ClCompile Include="Engine\stb_image_impl.cpp">
      <Filter>Engine\Graphics and Rendering</Filter>
    </ClCompile>
    <ClCompile Include="Engine\Audio.cpp">
      <Filter>Engine\Core Engine Components</Filter>
    </ClCompile>
    <ClCompile Include="Game\Background.cpp">
      <Filter>Game\Components\CS230</Filter>
    </ClCompile>
    <ClCompile Include="Game\Floor.cpp">
      <Filter>Game\Components\CS230</Filter>
    </ClCompile>
    <ClCompile Include="Game\Portal.cpp">
      <Filter>Game\Components\CS230</Filter>
    </ClCompile>
    <ClCompile Include="Game\ScreenWrap.cpp">
      <Filter>Game\Components\CS230</Filter>
    </ClCompile>
    <ClCompile Include="Game\Timer.cpp">
      <Filter>Game\Components\CS230</Filter>
    </ClCompile>
    <ClCompile Include="Game\Splash.cpp">
      <Filter>Game\Modes</Filter>
    </ClCompile>
    <ClCompile Include="Game\MainMenu.cpp">
      <Filter>Game\Modes</Filter>
    </ClCompile>
    <ClCompile Include="Modes\Game.cpp">
      <Filter>Game\Modes</Filter>
    </ClCompile>
    <ClCompile Include="Engine\MergeCollision.cpp">
      <Filter>Engine\Game Components</Filter>
    </ClCompile>
    <ClCompile Include="Game\HowToPlay.cpp">
      <Filter>Game\Modes</Filter>
    </ClCompile>
    <ClCompile Include="Game\Store.cpp">
      <Filter>Game\Modes</Filter>
    </ClCompile>
    <ClCompile Include="Game\MagicUnit.cpp" />
    <ClCompile Include="Game\MeleeUnit.cpp" />
    <ClCompile Include="Game\Monster.cpp" />
    <ClCompile Include="Game\RangedUnit.cpp" />
    <ClCompile Include="Game\Unit.cpp" />
    <ClCompile Include="Component\Wave.cpp">
      <Filter>Game\Components</Filter>
    </ClCompile>
    <ClCompile Include="Game\Spear.cpp">
      <Filter>Game</Filter>
    </ClCompile>
    <ClCompile Include="Game\Transform.cpp">
      <Filter>Game</Filter>
    </ClCompile>
    <ClCompile Include="Game\Sniper.cpp">
      <Filter>Game</Filter>
    </ClCompile>
    <ClCompile Include="Season 1\Game\Hp_Boost_Gold_ui.cpp">
      <Filter>Game\Objects</Filter>
    </ClCompile>
    <ClCompile Include="Game\Button.cpp">
      <Filter>Game\Objects</Filter>
    </ClCompile>
    <ClCompile Include="Game\Gold.cpp">
      <Filter>Game\Objects</Filter>
    </ClCompile>
    <ClCompile Include="Game\Life.cpp">
      <Filter>Game\Objects</Filter>
    </ClCompile>
    <ClCompile Include="Game\Lose.cpp">
      <Filter>Game\Modes</Filter>
    </ClCompile>
    <ClCompile Include="Game\Win.cpp">
      <Filter>Game\Modes</Filter>
    </ClCompile>
    <ClCompile Include="main.cpp" />
  </ItemGroup>
  <ItemGroup>
    <ClInclude Include="Engine\Engine.h">
      <Filter>Engine\Core Engine Components</Filter>
    </ClInclude>
    <ClInclude Include="Engine\DrawShape.h">
      <Filter>Engine\Graphics and Rendering</Filter>
    </ClInclude>
    <ClInclude Include="Engine\Font.h">
      <Filter>Engine\Graphics and Rendering</Filter>
    </ClInclude>
    <ClInclude Include="Engine\ImGuiHelper.h">
      <Filter>Engine\Core Engine Components</Filter>
    </ClInclude>
    <ClInclude Include="Engine\Texture.h">
      <Filter>Engine\Graphics and Rendering</Filter>
    </ClInclude>
    <ClInclude Include="Engine\GameState.h">
      <Filter>Engine\Game State Management</Filter>
    </ClInclude>
    <ClInclude Include="Engine\GameStateManager.h">
      <Filter>Engine\Game State Management</Filter>
    </ClInclude>
    <ClInclude Include="Engine\GameObjectManager.h">
      <Filter>Engine\Game Object Managerment</Filter>
    </ClInclude>
    <ClInclude Include="Engine\GameObject.h">
      <Filter>Engine\Game Object Managerment</Filter>
    </ClInclude>
    <ClInclude Include="Engine\Animation.h">
      <Filter>Engine\Graphics and Rendering</Filter>
    </ClInclude>
    <ClInclude Include="Engine\Input.h">
      <Filter>Engine\Input Handling</Filter>
    </ClInclude>
    <ClInclude Include="Engine\Mouse.h">
      <Filter>Engine\Input Handling</Filter>
    </ClInclude>
    <ClInclude Include="Engine\Particle.h">
      <Filter>Engine\Graphics and Rendering</Filter>
    </ClInclude>
    <ClInclude Include="Engine\Logger.h">
      <Filter>Engine\Core Engine Components</Filter>
    </ClInclude>
    <ClInclude Include="Engine\Matrix.h">
      <Filter>Engine\Math</Filter>
    </ClInclude>
    <ClInclude Include="Engine\Rect.h">
      <Filter>Engine\Math</Filter>
    </ClInclude>
    <ClInclude Include="Engine\Vec2.h">
      <Filter>Engine\Math</Filter>
    </ClInclude>
    <ClInclude Include="Engine\TextureManager.h">
      <Filter>Engine\Graphics and Rendering</Filter>
    </ClInclude>
    <ClInclude Include="Engine\Camera.h">
      <Filter>Engine\Game Components</Filter>
    </ClInclude>
    <ClInclude Include="Engine\Collision.h">
      <Filter>Engine\Game Components</Filter>
    </ClInclude>
    <ClInclude Include="Engine\Component.h">
      <Filter>Engine\Game Components</Filter>
    </ClInclude>
    <ClInclude Include="Engine\ComponentManager.h">
      <Filter>Engine\Game Components</Filter>
    </ClInclude>
    <ClInclude Include="Engine\Normalization.h">
      <Filter>Engine\Math</Filter>
    </ClInclude>
    <ClInclude Include="Engine\Constants.h">
      <Filter>Engine\Math</Filter>
    </ClInclude>
    <ClInclude Include="Engine\owner.h">
      <Filter>Engine\Core Engine Components</Filter>
    </ClInclude>
    <ClInclude Include="Engine\ShowCollision.h">
      <Filter>Engine\Graphics and Rendering</Filter>
    </ClInclude>
    <ClInclude Include="Engine\OriginPosition.h">
      <Filter>Engine\Math</Filter>
    </ClInclude>
    <ClInclude Include="Engine\Sprite.h">
      <Filter>Engine\Graphics and Rendering</Filter>
    </ClInclude>
    <ClInclude Include="Engine\Window.h">
      <Filter>Engine\Core Engine Components</Filter>
    </ClInclude>
    <ClInclude Include="Game\States.h">
      <Filter>Game</Filter>
    </ClInclude>
    <ClInclude Include="Engine\Audio.h">
      <Filter>Engine\Core Engine Components</Filter>
    </ClInclude>
    <ClInclude Include="Game\Background.h">
      <Filter>Game\Components\CS230</Filter>
    </ClInclude>
    <ClInclude Include="Game\Floor.h">
      <Filter>Game\Components\CS230</Filter>
    </ClInclude>
    <ClInclude Include="Game\Fonts.h">
      <Filter>Game\Components\CS230</Filter>
    </ClInclude>
    <ClInclude Include="Game\Gravity.h">
      <Filter>Game\Components\CS230</Filter>
    </ClInclude>
    <ClInclude Include="Game\Portal.h">
      <Filter>Game\Components\CS230</Filter>
    </ClInclude>
    <ClInclude Include="Game\ScreenWrap.h">
      <Filter>Game\Components\CS230</Filter>
    </ClInclude>
    <ClInclude Include="Game\Timer.h">
      <Filter>Game\Components\CS230</Filter>
    </ClInclude>
    <ClInclude Include="Game\GameObjectTypes.h">
      <Filter>Game</Filter>
    </ClInclude>
    <ClInclude Include="Game\Splash.h">
      <Filter>Game\Modes</Filter>
    </ClInclude>
    <ClInclude Include="Game\MainMenu.h">
      <Filter>Game\Modes</Filter>
    </ClInclude>
    <ClInclude Include="Game\HowToPlay.h">
      <Filter>Game\Modes</Filter>
    </ClInclude>
    <ClInclude Include="Game\Store.h">
      <Filter>Game\Modes</Filter>
    </ClInclude>
    <ClInclude Include="Component\Diamond.h">
      <Filter>Game\Components</Filter>
    </ClInclude>
    <ClInclude Include="Component\GameSpeed.h">
      <Filter>Game\Components</Filter>
    </ClInclude>
    <ClInclude Include="Component\Gold.h">
      <Filter>Game\Components</Filter>
    </ClInclude>
    <ClInclude Include="Component\MonsterLimit.h">
      <Filter>Game\Components</Filter>
    </ClInclude>
    <ClInclude Include="Component\Map.h">
      <Filter>Game\Components</Filter>
    </ClInclude>
    <ClInclude Include="Modes\Game.h">
      <Filter>Game\Modes</Filter>
    </ClInclude>
    <ClInclude Include="Engine\MergeCollision.h">
      <Filter>Engine\Game Components</Filter>
    </ClInclude>
    <ClInclude Include="Component\Wave.h" />
    <ClInclude Include="Game\MagicUnit.h" />
    <ClInclude Include="Game\MeleeUnit.h" />
    <ClInclude Include="Game\Monster.h" />
    <ClInclude Include="Game\RangedUnit.h" />
    <ClInclude Include="Game\Sniper.h" />
    <ClInclude Include="Game\Spear.h" />
    <ClInclude Include="Game\Transform.h" />
    <ClInclude Include="Season 1\Game\Hp_Boost_Gold_ui.h" />
    <ClInclude Include="Game\Unit.h" />
    <ClInclude Include="Game\Button.h">
      <Filter>Game\Objects</Filter>
    </ClInclude>
    <ClInclude Include="Game\Gold.h">
      <Filter>Game\Objects</Filter>
    </ClInclude>
    <ClInclude Include="Game\Life.h">
      <Filter>Game\Objects</Filter>
    </ClInclude>
    <ClInclude Include="Game\Lose.h">
      <Filter>Game\Modes</Filter>
    </ClInclude>
    <ClInclude Include="Game\Win.h">
      <Filter>Game\Modes</Filter>
    </ClInclude>
  </ItemGroup>
</Project>