<?xml version="1.0" encoding="utf-8"?>
<Project ToolsVersion="4.0" xmlns="http://schemas.microsoft.com/developer/msbuild/2003">
  <ItemGroup>
    <Filter Include="Engine">
      <UniqueIdentifier>{b9939c7b-a1f3-4354-8aaf-7216517f7d18}</UniqueIdentifier>
    </Filter>
    <Filter Include="Game">
      <UniqueIdentifier>{0e73aefe-3736-4db3-b1ae-004feae2fc3e}</UniqueIdentifier>
    </Filter>
  </ItemGroup>
  <ItemGroup>
    <ClCompile Include="Game\main.cpp">
      <Filter>Game</Filter>
    </ClCompile>
    <ClCompile Include="Engine\Animation.cpp" />
    <ClCompile Include="Engine\Camera.cpp" />
    <ClCompile Include="Engine\Collision.cpp" />
    <ClCompile Include="Engine\Engine.cpp" />
    <ClCompile Include="Engine\Font.cpp" />
    <ClCompile Include="Engine\GameObject.cpp" />
    <ClCompile Include="Engine\GameObjectManager.cpp" />
    <ClCompile Include="Engine\GameStateManager.cpp" />
    <ClCompile Include="Engine\Input.cpp" />
    <ClCompile Include="Engine\Logger.cpp" />
    <ClCompile Include="Engine\Matrix.cpp" />
    <ClCompile Include="Engine\Particle.cpp" />
    <ClCompile Include="Engine\ShowCollision.cpp" />
    <ClCompile Include="Engine\Sprite.cpp" />
    <ClCompile Include="Engine\Texture.cpp" />
    <ClCompile Include="Engine\TextureManager.cpp" />
    <ClCompile Include="Engine\Vec2.cpp" />
    <ClCompile Include="Engine\Window.cpp" />
    <ClCompile Include="Game\Asteroid.cpp" />
    <ClCompile Include="Game\Background.cpp" />
    <ClCompile Include="Game\Cat.cpp" />
    <ClCompile Include="Game\Crates.cpp" />
    <ClCompile Include="Game\Floor.cpp" />
    <ClCompile Include="Game\Laser.cpp" />
    <ClCompile Include="Game\Main_menu.cpp" />
    <ClCompile Include="Game\Meteor.cpp" />
    <ClCompile Include="Game\Mode1.cpp" />
    <ClCompile Include="Game\Mode2.cpp" />
    <ClCompile Include="Game\Portal.cpp" />
    <ClCompile Include="Game\Robots.cpp" />
    <ClCompile Include="Game\Score.cpp" />
    <ClCompile Include="Game\ScreenWrap.cpp" />
    <ClCompile Include="Game\Ship.cpp" />
    <ClCompile Include="Game\Splash.cpp" />
    <ClCompile Include="Game\Timer.cpp" />
  </ItemGroup>
  <ItemGroup>
    <ClInclude Include="Engine\Animation.h" />
    <ClInclude Include="Engine\Camera.h" />
    <ClInclude Include="Engine\Collision.h" />
    <ClInclude Include="Engine\Component.h" />
    <ClInclude Include="Engine\ComponentManager.h" />
    <ClInclude Include="Engine\Constants.h" />
    <ClInclude Include="Engine\Engine.h" />
    <ClInclude Include="Engine\Font.h" />
    <ClInclude Include="Engine\GameObject.h" />
    <ClInclude Include="Engine\GameObjectManager.h" />
    <ClInclude Include="Engine\Gamestate.h" />
    <ClInclude Include="Engine\GameStateManager.h" />
    <ClInclude Include="Engine\Input.h" />
    <ClInclude Include="Engine\Logger.h" />
    <ClInclude Include="Engine\Matrix.h" />
    <ClInclude Include="Engine\Particle.h" />
    <ClInclude Include="Engine\Rect.h" />
    <ClInclude Include="Engine\ShowCollision.h" />
    <ClInclude Include="Engine\Sprite.h" />
    <ClInclude Include="Engine\Texture.h" />
    <ClInclude Include="Engine\TextureManager.h" />
    <ClInclude Include="Engine\Vec2.h" />
    <ClInclude Include="Engine\Window.h" />
    <ClInclude Include="Game\Asteroid.h" />
    <ClInclude Include="Game\Background.h" />
    <ClInclude Include="Game\Cat.h" />
    <ClInclude Include="Game\Crates.h" />
    <ClInclude Include="Game\Floor.h" />
    <ClInclude Include="Game\Fonts.h" />
    <ClInclude Include="Game\GameObjectTypes.h" />
    <ClInclude Include="Game\Gravity.h" />
    <ClInclude Include="Game\Laser.h" />
    <ClInclude Include="Game\Main_menu.h" />
    <ClInclude Include="Game\Meteor.h" />
    <ClInclude Include="Game\Mode1.h" />
    <ClInclude Include="Game\Mode2.h" />
    <ClInclude Include="Game\Particles.h" />
    <ClInclude Include="Game\Portal.h" />
    <ClInclude Include="Game\Robots.h" />
    <ClInclude Include="Game\Score.h" />
    <ClInclude Include="Game\ScreenWrap.h" />
    <ClInclude Include="Game\Ship.h" />
    <ClInclude Include="Game\Splash.h" />
    <ClInclude Include="Game\States.h" />
    <ClInclude Include="Game\Timer.h" />
  </ItemGroup>
</Project>